
Microsoft Visual Studio Solution File, Format Version 12.00
# Visual Studio Version 16
VisualStudioVersion = 16.0.29001.49
MinimumVisualStudioVersion = 10.0.40219.1
Project("{FAE04EC0-301F-11D3-BF4B-00C04F79EFBC}") = "ConsoleTask4.1", "ConsoleTask4.1\ConsoleTask4.1.csproj", "{B6CA43E9-1DFE-40C0-A745-BE679B18D31B}"
EndProject
Project("{FAE04EC0-301F-11D3-BF4B-00C04F79EFBC}") = "ConsoleTask4.2", "ConsoleTask4.2\ConsoleTask4.2.csproj", "{4AFEE54A-93A5-4BE7-8B93-F02D5FA92C7E}"
EndProject
Global
	GlobalSection(SolutionConfigurationPlatforms) = preSolution
		Debug|Any CPU = Debug|Any CPU
		Release|Any CPU = Release|Any CPU
	EndGlobalSection
	GlobalSection(ProjectConfigurationPlatforms) = postSolution
		{B6CA43E9-1DFE-40C0-A745-BE679B18D31B}.Debug|Any CPU.ActiveCfg = Debug|Any CPU
		{B6CA43E9-1DFE-40C0-A745-BE679B18D31B}.Debug|Any CPU.Build.0 = Debug|Any CPU
		{B6CA43E9-1DFE-40C0-A745-BE679B18D31B}.Release|Any CPU.ActiveCfg = Release|Any CPU
		{B6CA43E9-1DFE-40C0-A745-BE679B18D31B}.Release|Any CPU.Build.0 = Release|Any CPU
		{4AFEE54A-93A5-4BE7-8B93-F02D5FA92C7E}.Debug|Any CPU.ActiveCfg = Debug|Any CPU
		{4AFEE54A-93A5-4BE7-8B93-F02D5FA92C7E}.Debug|Any CPU.Build.0 = Debug|Any CPU
		{4AFEE54A-93A5-4BE7-8B93-F02D5FA92C7E}.Release|Any CPU.ActiveCfg = Release|Any CPU
		{4AFEE54A-93A5-4BE7-8B93-F02D5FA92C7E}.Release|Any CPU.Build.0 = Release|Any CPU
	EndGlobalSection
	GlobalSection(SolutionProperties) = preSolution
		HideSolutionNode = FALSE
	EndGlobalSection
	GlobalSection(ExtensibilityGlobals) = postSolution
		SolutionGuid = {A10AAB8D-5B66-4E50-BFE4-319EB8F470D4}
	EndGlobalSection
EndGlobal
